// !$*UTF8*$!
{
	archiveVersion = 1;
	classes = {
	};
	objectVersion = 54;
	objects = {

/* Begin PBXBuildFile section */
		02A32F5AF76B4AAAE1DE671C /* ButtonStyles.swift in Sources */ = {isa = PBXBuildFile; fileRef = 2289699FF4A82FB1444D3D05 /* ButtonStyles.swift */; };
		03DC0D7EAE188FCFB75FD879 /* CarPlaySceneDelegate.swift in Sources */ = {isa = PBXBuildFile; fileRef = ADE59325CFED058ACAA132E6 /* CarPlaySceneDelegate.swift */; };
		044A65A6F8F4F64541070A81 /* VoiceEndpointDetector.swift in Sources */ = {isa = PBXBuildFile; fileRef = BF5333DA034349230BA83E7D /* VoiceEndpointDetector.swift */; };
		050A4CA44FEA2BE11AE61930 /* WatchConnectivityManager.swift in Sources */ = {isa = PBXBuildFile; fileRef = 470F719AAEE7A311D72EA193 /* WatchConnectivityManager.swift */; };
		0C9F1086ABF215A994A2BE28 /* GrokProvider.swift in Sources */ = {isa = PBXBuildFile; fileRef = 83725F15F057A9F770150664 /* GrokProvider.swift */; };
		0E5F314B5B25A62AD094626C /* SFSpeechSTT.swift in Sources */ = {isa = PBXBuildFile; fileRef = 396369CF8865713366A6BFFF /* SFSpeechSTT.swift */; };
		144EF9292F56C2D0F8C1F38C /* GeminiProvider.swift in Sources */ = {isa = PBXBuildFile; fileRef = 5CC4D8688A3BB634BB06C997 /* GeminiProvider.swift */; };
		15C76AE7C57355BC6F223D78 /* AmbientBackground.swift in Sources */ = {isa = PBXBuildFile; fileRef = A84BFBD62F91ECB0F6F0FEA1 /* AmbientBackground.swift */; };
		17A30B9F55D45A0A66F3ECCD /* VoiceSettingsView.swift in Sources */ = {isa = PBXBuildFile; fileRef = 9B5405E229A26696711BD3E4 /* VoiceSettingsView.swift */; };
		1B1FFD0D092DDCBAC8C25985 /* MainTabView.swift in Sources */ = {isa = PBXBuildFile; fileRef = 300B205487E939976B54F2E5 /* MainTabView.swift */; };
		1CED1DF28B6D1E9C9632C2D8 /* TopicCatalog.swift in Sources */ = {isa = PBXBuildFile; fileRef = 24AC1AB8311DB2CF51863CC7 /* TopicCatalog.swift */; };
		2400048E2F0AE78E1D1B5270 /* TopicsView.swift in Sources */ = {isa = PBXBuildFile; fileRef = D86A753E6D4256A347A7173D /* TopicsView.swift */; };
		27FB0B08B7B813C4A38011BE /* WatchPhoneBridge.swift in Sources */ = {isa = PBXBuildFile; fileRef = 758736DC35F5387EC57FE213 /* WatchPhoneBridge.swift */; };
		281AF5E40B088B3C3E3B41F4 /* AIProviderFactory.swift in Sources */ = {isa = PBXBuildFile; fileRef = C333B1733CB85E84B8481A7C /* AIProviderFactory.swift */; };
		2B7B11EFE7BAC16AAFD60FDC /* WatchDictation.swift in Sources */ = {isa = PBXBuildFile; fileRef = 784B098CB52AFCD8B676C2D3 /* WatchDictation.swift */; };
		2E94FE207A2587A9001E29D7 /* ConversationStore.swift in Sources */ = {isa = PBXBuildFile; fileRef = DF41257D3A9CA0E7A2E15B58 /* ConversationStore.swift */; };
		35E3940DD79B82349A0B5612 /* CarPlayTemplateManager.swift in Sources */ = {isa = PBXBuildFile; fileRef = ED20D4D71733DF698992B623 /* CarPlayTemplateManager.swift */; };
		36166909EFEA5B732AFAC512 /* KeychainAccess in Frameworks */ = {isa = PBXBuildFile; productRef = F0A09435A687BE3E66ADE930 /* KeychainAccess */; };
		364C4C0CB8000AD99B10A297 /* CarChatWatch.app in Embed Watch Content */ = {isa = PBXBuildFile; fileRef = BAAE04EBBBDC71AC320224B8 /* CarChatWatch.app */; settings = {ATTRIBUTES = (RemoveHeadersOnCopy, ); }; };
		37322D926BDBD8ABEA9035DB /* ExtensionDelegate.swift in Sources */ = {isa = PBXBuildFile; fileRef = B94343E5000276C7B65E8B45 /* ExtensionDelegate.swift */; };
		384B6FED442064421015FAE5 /* TopicCategoryDetailView.swift in Sources */ = {isa = PBXBuildFile; fileRef = 983CDE01FC11C3C706FB47CB /* TopicCategoryDetailView.swift */; };
		41DE4334D2007AE2B7D7E27F /* AppServices.swift in Sources */ = {isa = PBXBuildFile; fileRef = EFF7C76077939E8A161B9434 /* AppServices.swift */; };
		41EFD06F8A35310A7ED82221 /* APIKeyStepView.swift in Sources */ = {isa = PBXBuildFile; fileRef = DEFC145D24C39B51F22A2A85 /* APIKeyStepView.swift */; };
		42AF9B6947835B1043CD0B52 /* AudioOutputMode.swift in Sources */ = {isa = PBXBuildFile; fileRef = 397661C817DAE09F86018473 /* AudioOutputMode.swift */; };
		46356E260C3D205D986296A7 /* SigmonPersona.json in Resources */ = {isa = PBXBuildFile; fileRef = 538AAEDF32D37855D7B0FCAA /* SigmonPersona.json */; };
		479DC19CAF7016F14246389E /* GoogleCloudTTSModels.swift in Sources */ = {isa = PBXBuildFile; fileRef = 8E0DA505BAC6670D012FB2AB /* GoogleCloudTTSModels.swift */; };
		48D0FFF5A2F5200A54F76316 /* ConversationView.swift in Sources */ = {isa = PBXBuildFile; fileRef = 48E2100FA2159425B5F576A1 /* ConversationView.swift */; };
		4BBF02D88CC65968C63A2D9F /* TopicCategory.swift in Sources */ = {isa = PBXBuildFile; fileRef = BF0162EE07DF7572010C0E78 /* TopicCategory.swift */; };
		4BC89398225F077A0B0ECC76 /* ConversationViewModel.swift in Sources */ = {isa = PBXBuildFile; fileRef = 8E238B17188B86A81A0AD8EB /* ConversationViewModel.swift */; };
		4DA9DC04E190065089F89B4D /* Provider.swift in Sources */ = {isa = PBXBuildFile; fileRef = F7BBCCC0C002B0D1C136F9F0 /* Provider.swift */; };
		54B00DA01B046CF602CDA347 /* WatchConversationView.swift in Sources */ = {isa = PBXBuildFile; fileRef = B39E01354ABD943CFF298181 /* WatchConversationView.swift */; };
		585F480D05FD2A37209A5660 /* OpenClawProvider.swift in Sources */ = {isa = PBXBuildFile; fileRef = 66AE496077C05087B0AE3C14 /* OpenClawProvider.swift */; };
		5A68F414D87A1B92BF13919F /* CustomIcons.swift in Sources */ = {isa = PBXBuildFile; fileRef = 295BC3BFF8A75A33EC462775 /* CustomIcons.swift */; };
		5AD7E0992629B54F87DD2DBA /* ElevenLabsVoiceSettingsSection.swift in Sources */ = {isa = PBXBuildFile; fileRef = 247976B32DB10D3C27B28D16 /* ElevenLabsVoiceSettingsSection.swift */; };
		5EB1AE3E3ADA4A3DCCB71A30 /* CartesiaTTS.swift in Sources */ = {isa = PBXBuildFile; fileRef = A6803CFE2893497DBBCF0CDE /* CartesiaTTS.swift */; };
		66C7CAEF8C941577DBD03546 /* PermissionsStepView.swift in Sources */ = {isa = PBXBuildFile; fileRef = 8642F60C5D25290FF1D42983 /* PermissionsStepView.swift */; };
		693C353A8A2E700E9B8F5C54 /* ContentView.swift in Sources */ = {isa = PBXBuildFile; fileRef = 12A10D81E1A5C6689C1A9545 /* ContentView.swift */; };
		7150BA462E688B82DE7608D4 /* ElevenLabsVoiceManager.swift in Sources */ = {isa = PBXBuildFile; fileRef = 2A45E63CC6342A6DF97051AE /* ElevenLabsVoiceManager.swift */; };
		7251241D353FE104F330D298 /* CartesiaVoiceSettingsSection.swift in Sources */ = {isa = PBXBuildFile; fileRef = D6449AA4DBC4B5F7D5648C76 /* CartesiaVoiceSettingsSection.swift */; };
		736C1061F9A97FBB55DD14E7 /* SystemTTS.swift in Sources */ = {isa = PBXBuildFile; fileRef = A7D0C702B5B9F693CD6AF7B6 /* SystemTTS.swift */; };
		743BFCC2D80D71E692D8C383 /* OpenAIProvider.swift in Sources */ = {isa = PBXBuildFile; fileRef = CC92EB21FAF891C8CB7C2784 /* OpenAIProvider.swift */; };
		746178200553D2A18E9494CE /* CartesiaModels.swift in Sources */ = {isa = PBXBuildFile; fileRef = E156FCB227E6D79346ED9995 /* CartesiaModels.swift */; };
		751D26EF0D7B12F82E3AA017 /* RealtimeVoiceSession.swift in Sources */ = {isa = PBXBuildFile; fileRef = 44C953FE0B65B863AC7FD38F /* RealtimeVoiceSession.swift */; };
		764AA2728477CD8608E2A250 /* VoiceSession.swift in Sources */ = {isa = PBXBuildFile; fileRef = 901FD01251EBDEA3D9552E76 /* VoiceSession.swift */; };
		7E0FD551B876A1090591C723 /* OnboardingViewModel.swift in Sources */ = {isa = PBXBuildFile; fileRef = D705CC232E6988F388068901 /* OnboardingViewModel.swift */; };
		82EE3472E8D3B8E29211E130 /* PersonaSettingsView.swift in Sources */ = {isa = PBXBuildFile; fileRef = B163FA8E707BE9A82441F47E /* PersonaSettingsView.swift */; };
		833BC67615B5EFA9A19925C4 /* AmazonPollyModels.swift in Sources */ = {isa = PBXBuildFile; fileRef = 414F07C8B4C177294C2F7B49 /* AmazonPollyModels.swift */; };
		8509E8E43D7543B70386BABB /* GoogleCloudVoiceSettingsSection.swift in Sources */ = {isa = PBXBuildFile; fileRef = 07D5882F2A7444D3D12D9933 /* GoogleCloudVoiceSettingsSection.swift */; };
		86F64F791D7F86A7B4F0C60C /* DeepgramModels.swift in Sources */ = {isa = PBXBuildFile; fileRef = 24A72C5A9AC95C10581D2AB9 /* DeepgramModels.swift */; };
		874F1A32131A2274F2841471 /* OpenAITTS.swift in Sources */ = {isa = PBXBuildFile; fileRef = 6C87AAD4A4E074223DA63FFD /* OpenAITTS.swift */; };
		89CE46A08E2B8B4E6465823A /* AnthropicProvider.swift in Sources */ = {isa = PBXBuildFile; fileRef = BEF89FD6E5CB32AB01CA5D16 /* AnthropicProvider.swift */; };
		8B28B011385C228C826A26AE /* TTSEngine.swift in Sources */ = {isa = PBXBuildFile; fileRef = 55348EDA515FC01CFF75D7FB /* TTSEngine.swift */; };
		920778165BB0FDFE5AABD5BC /* KeychainManager.swift in Sources */ = {isa = PBXBuildFile; fileRef = 2CAB4A0A31D7A3729F9B5958 /* KeychainManager.swift */; };
		92B381FE3345FC8DA3C0FF57 /* CarChatApp.swift in Sources */ = {isa = PBXBuildFile; fileRef = A4A34D773EEF32852B379512 /* CarChatApp.swift */; };
		934A84BEA57972AD422B7806 /* CarPlayVoiceController.swift in Sources */ = {isa = PBXBuildFile; fileRef = 55C0FE40158A28B4471CB831 /* CarPlayVoiceController.swift */; };
		97875B46529FFE66A9BA05A9 /* Assets.xcassets in Resources */ = {isa = PBXBuildFile; fileRef = 629B9145F7A1A5B3A146F271 /* Assets.xcassets */; };
		98358AEDF821C693EEF0F9F2 /* PipelineVoiceSession.swift in Sources */ = {isa = PBXBuildFile; fileRef = A97DA4CB8174A652C3574702 /* PipelineVoiceSession.swift */; };
		9B2922479317A91601DED7EA /* HapticEngine.swift in Sources */ = {isa = PBXBuildFile; fileRef = 3FA8750566AB0A805FB6BBBA /* HapticEngine.swift */; };
		9B89B6DEB4DB025472B829C7 /* ConversationListView.swift in Sources */ = {isa = PBXBuildFile; fileRef = 204A76A74092B4583E5F7724 /* ConversationListView.swift */; };
		9EDC5EA500924644F1154C97 /* SettingsView.swift in Sources */ = {isa = PBXBuildFile; fileRef = EF592615FC8A6CBCBC261184 /* SettingsView.swift */; };
		A24C7F27AE85A85B39D0D6EF /* VoiceWaveformView.swift in Sources */ = {isa = PBXBuildFile; fileRef = FB1A30D2D21CFD5782DB5C09 /* VoiceWaveformView.swift */; };
		A8EAC6A64DA0A3BA99D22959 /* AmazonPollyVoiceSettingsSection.swift in Sources */ = {isa = PBXBuildFile; fileRef = C630605F829CEEA8D17B63F1 /* AmazonPollyVoiceSettingsSection.swift */; };
		ABD0AF9937028D7910B4F098 /* BrandLogos.swift in Sources */ = {isa = PBXBuildFile; fileRef = 68DEC9B95C78305ECC218499 /* BrandLogos.swift */; };
		AD85B7BC0DE5B92977CB452E /* Conversation.swift in Sources */ = {isa = PBXBuildFile; fileRef = F8B2B13711DFFC4351388CA8 /* Conversation.swift */; };
		AE9076CADCEECCDDE6A0F0F9 /* CarChatWatchExtension.appex in Embed Foundation Extensions */ = {isa = PBXBuildFile; fileRef = 1F14367C43507AAEC48801DA /* CarChatWatchExtension.appex */; settings = {ATTRIBUTES = (RemoveHeadersOnCopy, ); }; };
		B154B07DB931B7AC7875E41B /* DesignTokens.swift in Sources */ = {isa = PBXBuildFile; fileRef = 541C52FD8103A54605DE5929 /* DesignTokens.swift */; };
		B184ED1710CDF96E29EB745D /* VoiceEndpointDetectorTests.swift in Sources */ = {isa = PBXBuildFile; fileRef = 9720EEB7372911D67CBDD67F /* VoiceEndpointDetectorTests.swift */; };
		B71454FEF09FEB99213F93A2 /* HumeAITTS.swift in Sources */ = {isa = PBXBuildFile; fileRef = F6100C168BEBBF8C465785FE /* HumeAITTS.swift */; };
		B8125DC5A69AAD7A854202F0 /* WelcomeStepView.swift in Sources */ = {isa = PBXBuildFile; fileRef = F4CE1BF7A0362BEAD5598E08 /* WelcomeStepView.swift */; };
		B89B0DFFE8660C2D2FB97955 /* OpenAITTSModels.swift in Sources */ = {isa = PBXBuildFile; fileRef = F789A64039B9037DDABF0336 /* OpenAITTSModels.swift */; };
		BFD058A896C1C604974D48FF /* PromptSuggestionsTests.swift in Sources */ = {isa = PBXBuildFile; fileRef = 94CF067028E9CFCBF884A5D5 /* PromptSuggestionsTests.swift */; };
		C013CA57D791FBBFBA73A200 /* AmazonPollyTTS.swift in Sources */ = {isa = PBXBuildFile; fileRef = BCB4491859DC7FEB6FF1F0E2 /* AmazonPollyTTS.swift */; };
		C02E84320807429AF6247CF4 /* WatchAsyncBridge.swift in Sources */ = {isa = PBXBuildFile; fileRef = DECD46645733FE1C52741C16 /* WatchAsyncBridge.swift */; };
		C1D636BDF108DF90035BAAA2 /* OnboardingContainerView.swift in Sources */ = {isa = PBXBuildFile; fileRef = 5DE3159EECD5E804E5482CD3 /* OnboardingContainerView.swift */; };
		C22D1DF5B56B1947E2B8C24D /* SystemVoiceSettingsSection.swift in Sources */ = {isa = PBXBuildFile; fileRef = 9A46A21AAE535B78730DFAFC /* SystemVoiceSettingsSection.swift */; };
		C3243E104E4BDD5354D68BF2 /* SettingsViewModel.swift in Sources */ = {isa = PBXBuildFile; fileRef = BDF52E64026E19179D086D8F /* SettingsViewModel.swift */; };
		C5B050193FDFFE5DD513ED3D /* Microcopy.swift in Sources */ = {isa = PBXBuildFile; fileRef = 863E9A3321C881C405C56510 /* Microcopy.swift */; };
		C7D3AF31D923A33C5AC6A4CF /* STTEngine.swift in Sources */ = {isa = PBXBuildFile; fileRef = DC538F07B00886001C7D4F91 /* STTEngine.swift */; };
		CADD8BC08DB779BCFC0B543A /* HumeAIModels.swift in Sources */ = {isa = PBXBuildFile; fileRef = 94B702F6581E563008A2AB82 /* HumeAIModels.swift */; };
		CF2A8FD8F7B4DCC73B8C0107 /* TopicCategoryCard.swift in Sources */ = {isa = PBXBuildFile; fileRef = B064B61D746B3A0BFE799F70 /* TopicCategoryCard.swift */; };
		CFAC008AD29903DCC3B7AAB6 /* ElevenLabsTTS.swift in Sources */ = {isa = PBXBuildFile; fileRef = 74AC1A8D6A157118EFB816CF /* ElevenLabsTTS.swift */; };
		D01AE3A328C0993832727C30 /* SpeechEndpointingConfig.swift in Sources */ = {isa = PBXBuildFile; fileRef = 137058D1892B110F424E050F /* SpeechEndpointingConfig.swift */; };
		D1FC1FC0896B7EFFD289366F /* SwiftOpenAI in Frameworks */ = {isa = PBXBuildFile; productRef = F5E986B53B20293112078B44 /* SwiftOpenAI */; };
		D2BEFEFB351B1EA687A7931F /* SwiftAnthropic in Frameworks */ = {isa = PBXBuildFile; productRef = 193E48F5B481FE64BB29CD7E /* SwiftAnthropic */; };
		D4BE8FC3AE90585B41B22E9E /* GoogleCloudTTS.swift in Sources */ = {isa = PBXBuildFile; fileRef = B4EAE282C88E72F49E960ADF /* GoogleCloudTTS.swift */; };
		D6E0BD6A5521D886798B2F35 /* PromptSuggestions.swift in Sources */ = {isa = PBXBuildFile; fileRef = 4FC7E10582A7492EAD319AD3 /* PromptSuggestions.swift */; };
		DA877FE434E8B1A034DE14C1 /* AIProvider.swift in Sources */ = {isa = PBXBuildFile; fileRef = CA6734E12FCDF31403C2952E /* AIProvider.swift */; };
		DC04CBBA156D2A1541B9A4AE /* AudioSessionManager.swift in Sources */ = {isa = PBXBuildFile; fileRef = 07A4C93DF8F681E341F98F38 /* AudioSessionManager.swift */; };
		DD8B1B195025A373333EE56D /* WatchConversationViewModel.swift in Sources */ = {isa = PBXBuildFile; fileRef = 166BBCCB2CD5609FF787A540 /* WatchConversationViewModel.swift */; };
		DE649EBD457CC3F204C8573E /* VoiceConfig.swift in Sources */ = {isa = PBXBuildFile; fileRef = DA4E051792636B32F47AB17B /* VoiceConfig.swift */; };
		E20450E9E542539B9A007C50 /* Message.swift in Sources */ = {isa = PBXBuildFile; fileRef = F5C3426E592CD3C957713943 /* Message.swift */; };
		E3BD7A66558B5E9FBB07D4BF /* CarChatWatchApp.swift in Sources */ = {isa = PBXBuildFile; fileRef = E41B922B1A8A19F215D27199 /* CarChatWatchApp.swift */; };
		E42F16A8B4279120A273D236 /* SuggestionChipsView.swift in Sources */ = {isa = PBXBuildFile; fileRef = 1088E2FFBC03A198CFC2B0A8 /* SuggestionChipsView.swift */; };
		E6AD3357FDC702F32496B951 /* VoiceSettingsShared.swift in Sources */ = {isa = PBXBuildFile; fileRef = 4C414FF4C41950A76F7109C7 /* VoiceSettingsShared.swift */; };
		E94954AB97C81B95C17C6E1E /* Persona.swift in Sources */ = {isa = PBXBuildFile; fileRef = 84E4FC1BF33117EB7EA719D4 /* Persona.swift */; };
		EED700E79C44EC4B3241A224 /* DeepgramVoiceSettingsSection.swift in Sources */ = {isa = PBXBuildFile; fileRef = 1AD1F7A2BB1F22185C3C4059 /* DeepgramVoiceSettingsSection.swift */; };
		EEF8A8009FA801A4C15644A7 /* CarChatTests.swift in Sources */ = {isa = PBXBuildFile; fileRef = F773814AB8F53A17FCD47833 /* CarChatTests.swift */; };
		F2A01266909579CC559B5147 /* MicButton.swift in Sources */ = {isa = PBXBuildFile; fileRef = 0D51E79CEC6A3A5DA77359C2 /* MicButton.swift */; };
		F43D7022937A784386091DBB /* OllamaProvider.swift in Sources */ = {isa = PBXBuildFile; fileRef = A4E84090874CC4E3EA33ED46 /* OllamaProvider.swift */; };
		F7FF084DEDE2AE1C3257E8D1 /* OpenAIVoiceSettingsSection.swift in Sources */ = {isa = PBXBuildFile; fileRef = BCCF8AECD543CA1FACFE5A85 /* OpenAIVoiceSettingsSection.swift */; };
		F849C3AEA935E47B87CA30BD /* DeepgramTTS.swift in Sources */ = {isa = PBXBuildFile; fileRef = 934216A8562385DF7A448538 /* DeepgramTTS.swift */; };
		F8BF919B386F25CB57B81CA1 /* HumeAIVoiceSettingsSection.swift in Sources */ = {isa = PBXBuildFile; fileRef = 03F3AC1AC36BDBAC5779D28A /* HumeAIVoiceSettingsSection.swift */; };
		F8C9EC27C0DA2466F68BE93D /* APIKeySettingsView.swift in Sources */ = {isa = PBXBuildFile; fileRef = F948F6D59C547BDC323B5289 /* APIKeySettingsView.swift */; };
		FBBFAF0733ACC4D63645A699 /* GlassCard.swift in Sources */ = {isa = PBXBuildFile; fileRef = C8D54E5116FF8F289FFCD6F5 /* GlassCard.swift */; };
/* End PBXBuildFile section */

/* Begin PBXContainerItemProxy section */
		4594B88F7EAD1C443BAD07E7 /* PBXContainerItemProxy */ = {
			isa = PBXContainerItemProxy;
			containerPortal = C4525754550604C3CBEFE38D /* Project object */;
			proxyType = 1;
			remoteGlobalIDString = 480B81565343C82ED1ED51F7;
			remoteInfo = CarChatWatchExtension;
		};
		A0B771BEA8637C04870D2ABE /* PBXContainerItemProxy */ = {
			isa = PBXContainerItemProxy;
			containerPortal = C4525754550604C3CBEFE38D /* Project object */;
			proxyType = 1;
			remoteGlobalIDString = 2A77157134116CAAEA3C28D4;
			remoteInfo = CarChat;
		};
		FA221DB7CB5510B83C82F8BF /* PBXContainerItemProxy */ = {
			isa = PBXContainerItemProxy;
			containerPortal = C4525754550604C3CBEFE38D /* Project object */;
			proxyType = 1;
			remoteGlobalIDString = E8684EB85249223A594AF3E4;
			remoteInfo = CarChatWatch;
		};
/* End PBXContainerItemProxy section */

/* Begin PBXCopyFilesBuildPhase section */
		6B8364FEA5700962E85AE437 /* Embed Watch Content */ = {
			isa = PBXCopyFilesBuildPhase;
			buildActionMask = 2147483647;
			dstPath = "$(CONTENTS_FOLDER_PATH)/Watch";
			dstSubfolderSpec = 16;
			files = (
				364C4C0CB8000AD99B10A297 /* CarChatWatch.app in Embed Watch Content */,
			);
			name = "Embed Watch Content";
			runOnlyForDeploymentPostprocessing = 0;
		};
		86A2B9469D5BB4B6891A6EE7 /* Embed Foundation Extensions */ = {
			isa = PBXCopyFilesBuildPhase;
			buildActionMask = 2147483647;
			dstPath = "";
			dstSubfolderSpec = 13;
			files = (
				AE9076CADCEECCDDE6A0F0F9 /* CarChatWatchExtension.appex in Embed Foundation Extensions */,
			);
			name = "Embed Foundation Extensions";
			runOnlyForDeploymentPostprocessing = 0;
		};
/* End PBXCopyFilesBuildPhase section */

/* Begin PBXFileReference section */
		0095C394107EE4A7A9DE3A2B /* CarChatTests.xctest */ = {isa = PBXFileReference; includeInIndex = 0; lastKnownFileType = wrapper.cfbundle; path = CarChatTests.xctest; sourceTree = BUILT_PRODUCTS_DIR; };
		03F3AC1AC36BDBAC5779D28A /* HumeAIVoiceSettingsSection.swift */ = {isa = PBXFileReference; lastKnownFileType = sourcecode.swift; path = HumeAIVoiceSettingsSection.swift; sourceTree = "<group>"; };
		07A4C93DF8F681E341F98F38 /* AudioSessionManager.swift */ = {isa = PBXFileReference; lastKnownFileType = sourcecode.swift; path = AudioSessionManager.swift; sourceTree = "<group>"; };
		07D5882F2A7444D3D12D9933 /* GoogleCloudVoiceSettingsSection.swift */ = {isa = PBXFileReference; lastKnownFileType = sourcecode.swift; path = GoogleCloudVoiceSettingsSection.swift; sourceTree = "<group>"; };
		0D51E79CEC6A3A5DA77359C2 /* MicButton.swift */ = {isa = PBXFileReference; lastKnownFileType = sourcecode.swift; path = MicButton.swift; sourceTree = "<group>"; };
		1088E2FFBC03A198CFC2B0A8 /* SuggestionChipsView.swift */ = {isa = PBXFileReference; lastKnownFileType = sourcecode.swift; path = SuggestionChipsView.swift; sourceTree = "<group>"; };
		12A10D81E1A5C6689C1A9545 /* ContentView.swift */ = {isa = PBXFileReference; lastKnownFileType = sourcecode.swift; path = ContentView.swift; sourceTree = "<group>"; };
		137058D1892B110F424E050F /* SpeechEndpointingConfig.swift */ = {isa = PBXFileReference; lastKnownFileType = sourcecode.swift; path = SpeechEndpointingConfig.swift; sourceTree = "<group>"; };
		166BBCCB2CD5609FF787A540 /* WatchConversationViewModel.swift */ = {isa = PBXFileReference; lastKnownFileType = sourcecode.swift; path = WatchConversationViewModel.swift; sourceTree = "<group>"; };
		1AD1F7A2BB1F22185C3C4059 /* DeepgramVoiceSettingsSection.swift */ = {isa = PBXFileReference; lastKnownFileType = sourcecode.swift; path = DeepgramVoiceSettingsSection.swift; sourceTree = "<group>"; };
		1F14367C43507AAEC48801DA /* CarChatWatchExtension.appex */ = {isa = PBXFileReference; explicitFileType = "wrapper.app-extension"; includeInIndex = 0; path = CarChatWatchExtension.appex; sourceTree = BUILT_PRODUCTS_DIR; };
		204A76A74092B4583E5F7724 /* ConversationListView.swift */ = {isa = PBXFileReference; lastKnownFileType = sourcecode.swift; path = ConversationListView.swift; sourceTree = "<group>"; };
		2282C6F9A9AB1E9261C3FDB3 /* Info.plist */ = {isa = PBXFileReference; lastKnownFileType = text.plist; path = Info.plist; sourceTree = "<group>"; };
		2289699FF4A82FB1444D3D05 /* ButtonStyles.swift */ = {isa = PBXFileReference; lastKnownFileType = sourcecode.swift; path = ButtonStyles.swift; sourceTree = "<group>"; };
		247976B32DB10D3C27B28D16 /* ElevenLabsVoiceSettingsSection.swift */ = {isa = PBXFileReference; lastKnownFileType = sourcecode.swift; path = ElevenLabsVoiceSettingsSection.swift; sourceTree = "<group>"; };
		24A72C5A9AC95C10581D2AB9 /* DeepgramModels.swift */ = {isa = PBXFileReference; lastKnownFileType = sourcecode.swift; path = DeepgramModels.swift; sourceTree = "<group>"; };
		24AC1AB8311DB2CF51863CC7 /* TopicCatalog.swift */ = {isa = PBXFileReference; lastKnownFileType = sourcecode.swift; path = TopicCatalog.swift; sourceTree = "<group>"; };
		295BC3BFF8A75A33EC462775 /* CustomIcons.swift */ = {isa = PBXFileReference; lastKnownFileType = sourcecode.swift; path = CustomIcons.swift; sourceTree = "<group>"; };
		2A45E63CC6342A6DF97051AE /* ElevenLabsVoiceManager.swift */ = {isa = PBXFileReference; lastKnownFileType = sourcecode.swift; path = ElevenLabsVoiceManager.swift; sourceTree = "<group>"; };
		2CAB4A0A31D7A3729F9B5958 /* KeychainManager.swift */ = {isa = PBXFileReference; lastKnownFileType = sourcecode.swift; path = KeychainManager.swift; sourceTree = "<group>"; };
		300B205487E939976B54F2E5 /* MainTabView.swift */ = {isa = PBXFileReference; lastKnownFileType = sourcecode.swift; path = MainTabView.swift; sourceTree = "<group>"; };
		396369CF8865713366A6BFFF /* SFSpeechSTT.swift */ = {isa = PBXFileReference; lastKnownFileType = sourcecode.swift; path = SFSpeechSTT.swift; sourceTree = "<group>"; };
		397661C817DAE09F86018473 /* AudioOutputMode.swift */ = {isa = PBXFileReference; lastKnownFileType = sourcecode.swift; path = AudioOutputMode.swift; sourceTree = "<group>"; };
		3FA8750566AB0A805FB6BBBA /* HapticEngine.swift */ = {isa = PBXFileReference; lastKnownFileType = sourcecode.swift; path = HapticEngine.swift; sourceTree = "<group>"; };
		414F07C8B4C177294C2F7B49 /* AmazonPollyModels.swift */ = {isa = PBXFileReference; lastKnownFileType = sourcecode.swift; path = AmazonPollyModels.swift; sourceTree = "<group>"; };
		44C953FE0B65B863AC7FD38F /* RealtimeVoiceSession.swift */ = {isa = PBXFileReference; lastKnownFileType = sourcecode.swift; path = RealtimeVoiceSession.swift; sourceTree = "<group>"; };
		470F719AAEE7A311D72EA193 /* WatchConnectivityManager.swift */ = {isa = PBXFileReference; lastKnownFileType = sourcecode.swift; path = WatchConnectivityManager.swift; sourceTree = "<group>"; };
		48E2100FA2159425B5F576A1 /* ConversationView.swift */ = {isa = PBXFileReference; lastKnownFileType = sourcecode.swift; path = ConversationView.swift; sourceTree = "<group>"; };
		4C414FF4C41950A76F7109C7 /* VoiceSettingsShared.swift */ = {isa = PBXFileReference; lastKnownFileType = sourcecode.swift; path = VoiceSettingsShared.swift; sourceTree = "<group>"; };
		4FC7E10582A7492EAD319AD3 /* PromptSuggestions.swift */ = {isa = PBXFileReference; lastKnownFileType = sourcecode.swift; path = PromptSuggestions.swift; sourceTree = "<group>"; };
		538AAEDF32D37855D7B0FCAA /* SigmonPersona.json */ = {isa = PBXFileReference; lastKnownFileType = text.json; path = SigmonPersona.json; sourceTree = "<group>"; };
		541C52FD8103A54605DE5929 /* DesignTokens.swift */ = {isa = PBXFileReference; lastKnownFileType = sourcecode.swift; path = DesignTokens.swift; sourceTree = "<group>"; };
		55348EDA515FC01CFF75D7FB /* TTSEngine.swift */ = {isa = PBXFileReference; lastKnownFileType = sourcecode.swift; path = TTSEngine.swift; sourceTree = "<group>"; };
		55C0FE40158A28B4471CB831 /* CarPlayVoiceController.swift */ = {isa = PBXFileReference; lastKnownFileType = sourcecode.swift; path = CarPlayVoiceController.swift; sourceTree = "<group>"; };
		5CC4D8688A3BB634BB06C997 /* GeminiProvider.swift */ = {isa = PBXFileReference; lastKnownFileType = sourcecode.swift; path = GeminiProvider.swift; sourceTree = "<group>"; };
		5DE3159EECD5E804E5482CD3 /* OnboardingContainerView.swift */ = {isa = PBXFileReference; lastKnownFileType = sourcecode.swift; path = OnboardingContainerView.swift; sourceTree = "<group>"; };
		629B9145F7A1A5B3A146F271 /* Assets.xcassets */ = {isa = PBXFileReference; lastKnownFileType = folder.assetcatalog; path = Assets.xcassets; sourceTree = "<group>"; };
		66AE496077C05087B0AE3C14 /* OpenClawProvider.swift */ = {isa = PBXFileReference; lastKnownFileType = sourcecode.swift; path = OpenClawProvider.swift; sourceTree = "<group>"; };
		68DEC9B95C78305ECC218499 /* BrandLogos.swift */ = {isa = PBXFileReference; lastKnownFileType = sourcecode.swift; path = BrandLogos.swift; sourceTree = "<group>"; };
		6C87AAD4A4E074223DA63FFD /* OpenAITTS.swift */ = {isa = PBXFileReference; lastKnownFileType = sourcecode.swift; path = OpenAITTS.swift; sourceTree = "<group>"; };
		74AC1A8D6A157118EFB816CF /* ElevenLabsTTS.swift */ = {isa = PBXFileReference; lastKnownFileType = sourcecode.swift; path = ElevenLabsTTS.swift; sourceTree = "<group>"; };
		758736DC35F5387EC57FE213 /* WatchPhoneBridge.swift */ = {isa = PBXFileReference; lastKnownFileType = sourcecode.swift; path = WatchPhoneBridge.swift; sourceTree = "<group>"; };
		784B098CB52AFCD8B676C2D3 /* WatchDictation.swift */ = {isa = PBXFileReference; lastKnownFileType = sourcecode.swift; path = WatchDictation.swift; sourceTree = "<group>"; };
		83725F15F057A9F770150664 /* GrokProvider.swift */ = {isa = PBXFileReference; lastKnownFileType = sourcecode.swift; path = GrokProvider.swift; sourceTree = "<group>"; };
		84E4FC1BF33117EB7EA719D4 /* Persona.swift */ = {isa = PBXFileReference; lastKnownFileType = sourcecode.swift; path = Persona.swift; sourceTree = "<group>"; };
		863E9A3321C881C405C56510 /* Microcopy.swift */ = {isa = PBXFileReference; lastKnownFileType = sourcecode.swift; path = Microcopy.swift; sourceTree = "<group>"; };
		8642F60C5D25290FF1D42983 /* PermissionsStepView.swift */ = {isa = PBXFileReference; lastKnownFileType = sourcecode.swift; path = PermissionsStepView.swift; sourceTree = "<group>"; };
		8E0DA505BAC6670D012FB2AB /* GoogleCloudTTSModels.swift */ = {isa = PBXFileReference; lastKnownFileType = sourcecode.swift; path = GoogleCloudTTSModels.swift; sourceTree = "<group>"; };
		8E238B17188B86A81A0AD8EB /* ConversationViewModel.swift */ = {isa = PBXFileReference; lastKnownFileType = sourcecode.swift; path = ConversationViewModel.swift; sourceTree = "<group>"; };
		901FD01251EBDEA3D9552E76 /* VoiceSession.swift */ = {isa = PBXFileReference; lastKnownFileType = sourcecode.swift; path = VoiceSession.swift; sourceTree = "<group>"; };
		934216A8562385DF7A448538 /* DeepgramTTS.swift */ = {isa = PBXFileReference; lastKnownFileType = sourcecode.swift; path = DeepgramTTS.swift; sourceTree = "<group>"; };
		94B702F6581E563008A2AB82 /* HumeAIModels.swift */ = {isa = PBXFileReference; lastKnownFileType = sourcecode.swift; path = HumeAIModels.swift; sourceTree = "<group>"; };
		94CF067028E9CFCBF884A5D5 /* PromptSuggestionsTests.swift */ = {isa = PBXFileReference; lastKnownFileType = sourcecode.swift; path = PromptSuggestionsTests.swift; sourceTree = "<group>"; };
		9720EEB7372911D67CBDD67F /* VoiceEndpointDetectorTests.swift */ = {isa = PBXFileReference; lastKnownFileType = sourcecode.swift; path = VoiceEndpointDetectorTests.swift; sourceTree = "<group>"; };
		983CDE01FC11C3C706FB47CB /* TopicCategoryDetailView.swift */ = {isa = PBXFileReference; lastKnownFileType = sourcecode.swift; path = TopicCategoryDetailView.swift; sourceTree = "<group>"; };
		9A46A21AAE535B78730DFAFC /* SystemVoiceSettingsSection.swift */ = {isa = PBXFileReference; lastKnownFileType = sourcecode.swift; path = SystemVoiceSettingsSection.swift; sourceTree = "<group>"; };
		9B5405E229A26696711BD3E4 /* VoiceSettingsView.swift */ = {isa = PBXFileReference; lastKnownFileType = sourcecode.swift; path = VoiceSettingsView.swift; sourceTree = "<group>"; };
		A0EA940A5CC9B5C897E21637 /* Info.plist */ = {isa = PBXFileReference; lastKnownFileType = text.plist; path = Info.plist; sourceTree = "<group>"; };
		A4A34D773EEF32852B379512 /* CarChatApp.swift */ = {isa = PBXFileReference; lastKnownFileType = sourcecode.swift; path = CarChatApp.swift; sourceTree = "<group>"; };
		A4E84090874CC4E3EA33ED46 /* OllamaProvider.swift */ = {isa = PBXFileReference; lastKnownFileType = sourcecode.swift; path = OllamaProvider.swift; sourceTree = "<group>"; };
		A6803CFE2893497DBBCF0CDE /* CartesiaTTS.swift */ = {isa = PBXFileReference; lastKnownFileType = sourcecode.swift; path = CartesiaTTS.swift; sourceTree = "<group>"; };
		A7D0C702B5B9F693CD6AF7B6 /* SystemTTS.swift */ = {isa = PBXFileReference; lastKnownFileType = sourcecode.swift; path = SystemTTS.swift; sourceTree = "<group>"; };
		A84BFBD62F91ECB0F6F0FEA1 /* AmbientBackground.swift */ = {isa = PBXFileReference; lastKnownFileType = sourcecode.swift; path = AmbientBackground.swift; sourceTree = "<group>"; };
		A97DA4CB8174A652C3574702 /* PipelineVoiceSession.swift */ = {isa = PBXFileReference; lastKnownFileType = sourcecode.swift; path = PipelineVoiceSession.swift; sourceTree = "<group>"; };
		ADE59325CFED058ACAA132E6 /* CarPlaySceneDelegate.swift */ = {isa = PBXFileReference; lastKnownFileType = sourcecode.swift; path = CarPlaySceneDelegate.swift; sourceTree = "<group>"; };
		B064B61D746B3A0BFE799F70 /* TopicCategoryCard.swift */ = {isa = PBXFileReference; lastKnownFileType = sourcecode.swift; path = TopicCategoryCard.swift; sourceTree = "<group>"; };
		B163FA8E707BE9A82441F47E /* PersonaSettingsView.swift */ = {isa = PBXFileReference; lastKnownFileType = sourcecode.swift; path = PersonaSettingsView.swift; sourceTree = "<group>"; };
		B39E01354ABD943CFF298181 /* WatchConversationView.swift */ = {isa = PBXFileReference; lastKnownFileType = sourcecode.swift; path = WatchConversationView.swift; sourceTree = "<group>"; };
		B4EAE282C88E72F49E960ADF /* GoogleCloudTTS.swift */ = {isa = PBXFileReference; lastKnownFileType = sourcecode.swift; path = GoogleCloudTTS.swift; sourceTree = "<group>"; };
		B94343E5000276C7B65E8B45 /* ExtensionDelegate.swift */ = {isa = PBXFileReference; lastKnownFileType = sourcecode.swift; path = ExtensionDelegate.swift; sourceTree = "<group>"; };
		BAAE04EBBBDC71AC320224B8 /* CarChatWatch.app */ = {isa = PBXFileReference; explicitFileType = wrapper.application; includeInIndex = 0; path = CarChatWatch.app; sourceTree = BUILT_PRODUCTS_DIR; };
		BCB4491859DC7FEB6FF1F0E2 /* AmazonPollyTTS.swift */ = {isa = PBXFileReference; lastKnownFileType = sourcecode.swift; path = AmazonPollyTTS.swift; sourceTree = "<group>"; };
		BCCF8AECD543CA1FACFE5A85 /* OpenAIVoiceSettingsSection.swift */ = {isa = PBXFileReference; lastKnownFileType = sourcecode.swift; path = OpenAIVoiceSettingsSection.swift; sourceTree = "<group>"; };
		BDF52E64026E19179D086D8F /* SettingsViewModel.swift */ = {isa = PBXFileReference; lastKnownFileType = sourcecode.swift; path = SettingsViewModel.swift; sourceTree = "<group>"; };
		BEF89FD6E5CB32AB01CA5D16 /* AnthropicProvider.swift */ = {isa = PBXFileReference; lastKnownFileType = sourcecode.swift; path = AnthropicProvider.swift; sourceTree = "<group>"; };
		BF0162EE07DF7572010C0E78 /* TopicCategory.swift */ = {isa = PBXFileReference; lastKnownFileType = sourcecode.swift; path = TopicCategory.swift; sourceTree = "<group>"; };
		BF5333DA034349230BA83E7D /* VoiceEndpointDetector.swift */ = {isa = PBXFileReference; lastKnownFileType = sourcecode.swift; path = VoiceEndpointDetector.swift; sourceTree = "<group>"; };
		C333B1733CB85E84B8481A7C /* AIProviderFactory.swift */ = {isa = PBXFileReference; lastKnownFileType = sourcecode.swift; path = AIProviderFactory.swift; sourceTree = "<group>"; };
		C630605F829CEEA8D17B63F1 /* AmazonPollyVoiceSettingsSection.swift */ = {isa = PBXFileReference; lastKnownFileType = sourcecode.swift; path = AmazonPollyVoiceSettingsSection.swift; sourceTree = "<group>"; };
		C8D54E5116FF8F289FFCD6F5 /* GlassCard.swift */ = {isa = PBXFileReference; lastKnownFileType = sourcecode.swift; path = GlassCard.swift; sourceTree = "<group>"; };
		CA6734E12FCDF31403C2952E /* AIProvider.swift */ = {isa = PBXFileReference; lastKnownFileType = sourcecode.swift; path = AIProvider.swift; sourceTree = "<group>"; };
		CC92EB21FAF891C8CB7C2784 /* OpenAIProvider.swift */ = {isa = PBXFileReference; lastKnownFileType = sourcecode.swift; path = OpenAIProvider.swift; sourceTree = "<group>"; };
		CDF8CB938A1017946E844D9F /* Info.plist */ = {isa = PBXFileReference; lastKnownFileType = text.plist; path = Info.plist; sourceTree = "<group>"; };
		D6449AA4DBC4B5F7D5648C76 /* CartesiaVoiceSettingsSection.swift */ = {isa = PBXFileReference; lastKnownFileType = sourcecode.swift; path = CartesiaVoiceSettingsSection.swift; sourceTree = "<group>"; };
		D705CC232E6988F388068901 /* OnboardingViewModel.swift */ = {isa = PBXFileReference; lastKnownFileType = sourcecode.swift; path = OnboardingViewModel.swift; sourceTree = "<group>"; };
		D86A753E6D4256A347A7173D /* TopicsView.swift */ = {isa = PBXFileReference; lastKnownFileType = sourcecode.swift; path = TopicsView.swift; sourceTree = "<group>"; };
		DA4E051792636B32F47AB17B /* VoiceConfig.swift */ = {isa = PBXFileReference; lastKnownFileType = sourcecode.swift; path = VoiceConfig.swift; sourceTree = "<group>"; };
		DC538F07B00886001C7D4F91 /* STTEngine.swift */ = {isa = PBXFileReference; lastKnownFileType = sourcecode.swift; path = STTEngine.swift; sourceTree = "<group>"; };
		DECD46645733FE1C52741C16 /* WatchAsyncBridge.swift */ = {isa = PBXFileReference; lastKnownFileType = sourcecode.swift; path = WatchAsyncBridge.swift; sourceTree = "<group>"; };
		DEFC145D24C39B51F22A2A85 /* APIKeyStepView.swift */ = {isa = PBXFileReference; lastKnownFileType = sourcecode.swift; path = APIKeyStepView.swift; sourceTree = "<group>"; };
		DF41257D3A9CA0E7A2E15B58 /* ConversationStore.swift */ = {isa = PBXFileReference; lastKnownFileType = sourcecode.swift; path = ConversationStore.swift; sourceTree = "<group>"; };
		E156FCB227E6D79346ED9995 /* CartesiaModels.swift */ = {isa = PBXFileReference; lastKnownFileType = sourcecode.swift; path = CartesiaModels.swift; sourceTree = "<group>"; };
		E41B922B1A8A19F215D27199 /* CarChatWatchApp.swift */ = {isa = PBXFileReference; lastKnownFileType = sourcecode.swift; path = CarChatWatchApp.swift; sourceTree = "<group>"; };
		ECC9F54521C6CD00B2181CC5 /* CarChat.entitlements */ = {isa = PBXFileReference; lastKnownFileType = text.plist.entitlements; path = CarChat.entitlements; sourceTree = "<group>"; };
		ED20D4D71733DF698992B623 /* CarPlayTemplateManager.swift */ = {isa = PBXFileReference; lastKnownFileType = sourcecode.swift; path = CarPlayTemplateManager.swift; sourceTree = "<group>"; };
		EF592615FC8A6CBCBC261184 /* SettingsView.swift */ = {isa = PBXFileReference; lastKnownFileType = sourcecode.swift; path = SettingsView.swift; sourceTree = "<group>"; };
		EFF7C76077939E8A161B9434 /* AppServices.swift */ = {isa = PBXFileReference; lastKnownFileType = sourcecode.swift; path = AppServices.swift; sourceTree = "<group>"; };
		F3F2B2A9787F34FDD96BE13D /* CarChat.app */ = {isa = PBXFileReference; includeInIndex = 0; lastKnownFileType = wrapper.application; path = CarChat.app; sourceTree = BUILT_PRODUCTS_DIR; };
		F4CE1BF7A0362BEAD5598E08 /* WelcomeStepView.swift */ = {isa = PBXFileReference; lastKnownFileType = sourcecode.swift; path = WelcomeStepView.swift; sourceTree = "<group>"; };
		F5C3426E592CD3C957713943 /* Message.swift */ = {isa = PBXFileReference; lastKnownFileType = sourcecode.swift; path = Message.swift; sourceTree = "<group>"; };
		F6100C168BEBBF8C465785FE /* HumeAITTS.swift */ = {isa = PBXFileReference; lastKnownFileType = sourcecode.swift; path = HumeAITTS.swift; sourceTree = "<group>"; };
		F773814AB8F53A17FCD47833 /* CarChatTests.swift */ = {isa = PBXFileReference; lastKnownFileType = sourcecode.swift; path = CarChatTests.swift; sourceTree = "<group>"; };
		F789A64039B9037DDABF0336 /* OpenAITTSModels.swift */ = {isa = PBXFileReference; lastKnownFileType = sourcecode.swift; path = OpenAITTSModels.swift; sourceTree = "<group>"; };
		F7BBCCC0C002B0D1C136F9F0 /* Provider.swift */ = {isa = PBXFileReference; lastKnownFileType = sourcecode.swift; path = Provider.swift; sourceTree = "<group>"; };
		F8B2B13711DFFC4351388CA8 /* Conversation.swift */ = {isa = PBXFileReference; lastKnownFileType = sourcecode.swift; path = Conversation.swift; sourceTree = "<group>"; };
		F948F6D59C547BDC323B5289 /* APIKeySettingsView.swift */ = {isa = PBXFileReference; lastKnownFileType = sourcecode.swift; path = APIKeySettingsView.swift; sourceTree = "<group>"; };
		FB1A30D2D21CFD5782DB5C09 /* VoiceWaveformView.swift */ = {isa = PBXFileReference; lastKnownFileType = sourcecode.swift; path = VoiceWaveformView.swift; sourceTree = "<group>"; };
/* End PBXFileReference section */

/* Begin PBXFrameworksBuildPhase section */
		3193215A8A7FADFF4EA111B9 /* Frameworks */ = {
			isa = PBXFrameworksBuildPhase;
			buildActionMask = 2147483647;
			files = (
				D1FC1FC0896B7EFFD289366F /* SwiftOpenAI in Frameworks */,
				D2BEFEFB351B1EA687A7931F /* SwiftAnthropic in Frameworks */,
				36166909EFEA5B732AFAC512 /* KeychainAccess in Frameworks */,
			);
			runOnlyForDeploymentPostprocessing = 0;
		};
/* End PBXFrameworksBuildPhase section */

/* Begin PBXGroup section */
		12FCFDBE5B1C1A40DCBE4CF3 /* Voice */ = {
			isa = PBXGroup;
			children = (
				397661C817DAE09F86018473 /* AudioOutputMode.swift */,
				07A4C93DF8F681E341F98F38 /* AudioSessionManager.swift */,
				A97DA4CB8174A652C3574702 /* PipelineVoiceSession.swift */,
				44C953FE0B65B863AC7FD38F /* RealtimeVoiceSession.swift */,
				901FD01251EBDEA3D9552E76 /* VoiceSession.swift */,
				5ED41318C89958D15BB63840 /* STT */,
				706DCAB47668EA31DBE2ED0F /* TTS */,
			);
			path = Voice;
			sourceTree = "<group>";
		};
		161A53A6167AA35AD5AAF0BA /* ViewModels */ = {
			isa = PBXGroup;
			children = (
				8E238B17188B86A81A0AD8EB /* ConversationViewModel.swift */,
				D705CC232E6988F388068901 /* OnboardingViewModel.swift */,
				BDF52E64026E19179D086D8F /* SettingsViewModel.swift */,
			);
			path = ViewModels;
			sourceTree = "<group>";
		};
		2B660A7E2531CDF64A3FFDB0 /* Components */ = {
			isa = PBXGroup;
			children = (
				0D51E79CEC6A3A5DA77359C2 /* MicButton.swift */,
				1088E2FFBC03A198CFC2B0A8 /* SuggestionChipsView.swift */,
				B064B61D746B3A0BFE799F70 /* TopicCategoryCard.swift */,
				FB1A30D2D21CFD5782DB5C09 /* VoiceWaveformView.swift */,
			);
			path = Components;
			sourceTree = "<group>";
		};
		4DDEE10237911C2E911F24C3 /* Extension */ = {
			isa = PBXGroup;
			children = (
				E41B922B1A8A19F215D27199 /* CarChatWatchApp.swift */,
				B94343E5000276C7B65E8B45 /* ExtensionDelegate.swift */,
				2282C6F9A9AB1E9261C3FDB3 /* Info.plist */,
				B39E01354ABD943CFF298181 /* WatchConversationView.swift */,
				166BBCCB2CD5609FF787A540 /* WatchConversationViewModel.swift */,
				784B098CB52AFCD8B676C2D3 /* WatchDictation.swift */,
				758736DC35F5387EC57FE213 /* WatchPhoneBridge.swift */,
			);
			path = Extension;
			sourceTree = "<group>";
		};
		5564E033F680AAE16DD8BA08 /* Phone */ = {
			isa = PBXGroup;
			children = (
				12A10D81E1A5C6689C1A9545 /* ContentView.swift */,
				204A76A74092B4583E5F7724 /* ConversationListView.swift */,
				48E2100FA2159425B5F576A1 /* ConversationView.swift */,
				300B205487E939976B54F2E5 /* MainTabView.swift */,
				983CDE01FC11C3C706FB47CB /* TopicCategoryDetailView.swift */,
				D86A753E6D4256A347A7173D /* TopicsView.swift */,
				2B660A7E2531CDF64A3FFDB0 /* Components */,
			);
			path = Phone;
			sourceTree = "<group>";
		};
		5D19DCDF5F85E0F627FD56D2 /* CarChatTests */ = {
			isa = PBXGroup;
			children = (
				F773814AB8F53A17FCD47833 /* CarChatTests.swift */,
				94CF067028E9CFCBF884A5D5 /* PromptSuggestionsTests.swift */,
				9720EEB7372911D67CBDD67F /* VoiceEndpointDetectorTests.swift */,
			);
			path = CarChatTests;
			sourceTree = "<group>";
		};
		5ED41318C89958D15BB63840 /* STT */ = {
			isa = PBXGroup;
			children = (
				396369CF8865713366A6BFFF /* SFSpeechSTT.swift */,
				137058D1892B110F424E050F /* SpeechEndpointingConfig.swift */,
				DC538F07B00886001C7D4F91 /* STTEngine.swift */,
				BF5333DA034349230BA83E7D /* VoiceEndpointDetector.swift */,
			);
			path = STT;
			sourceTree = "<group>";
		};
		6C69DB63868C685226E818EB = {
			isa = PBXGroup;
			children = (
				77E447C3F445198F9DD134D9 /* CarChat */,
				5D19DCDF5F85E0F627FD56D2 /* CarChatTests */,
				FF9EFC2FE827DAC5E5077F29 /* CarChatWatch */,
				FE9207A1C2252E77C7ABB311 /* Products */,
			);
			sourceTree = "<group>";
		};
		6F5C33EC184BDB89A1FAC485 /* Models */ = {
			isa = PBXGroup;
			children = (
				F8B2B13711DFFC4351388CA8 /* Conversation.swift */,
				F5C3426E592CD3C957713943 /* Message.swift */,
				84E4FC1BF33117EB7EA719D4 /* Persona.swift */,
				F7BBCCC0C002B0D1C136F9F0 /* Provider.swift */,
				BF0162EE07DF7572010C0E78 /* TopicCategory.swift */,
				DA4E051792636B32F47AB17B /* VoiceConfig.swift */,
			);
			path = Models;
			sourceTree = "<group>";
		};
		706DCAB47668EA31DBE2ED0F /* TTS */ = {
			isa = PBXGroup;
			children = (
				414F07C8B4C177294C2F7B49 /* AmazonPollyModels.swift */,
				BCB4491859DC7FEB6FF1F0E2 /* AmazonPollyTTS.swift */,
				E156FCB227E6D79346ED9995 /* CartesiaModels.swift */,
				A6803CFE2893497DBBCF0CDE /* CartesiaTTS.swift */,
				24A72C5A9AC95C10581D2AB9 /* DeepgramModels.swift */,
				934216A8562385DF7A448538 /* DeepgramTTS.swift */,
				74AC1A8D6A157118EFB816CF /* ElevenLabsTTS.swift */,
				2A45E63CC6342A6DF97051AE /* ElevenLabsVoiceManager.swift */,
				B4EAE282C88E72F49E960ADF /* GoogleCloudTTS.swift */,
				8E0DA505BAC6670D012FB2AB /* GoogleCloudTTSModels.swift */,
				94B702F6581E563008A2AB82 /* HumeAIModels.swift */,
				F6100C168BEBBF8C465785FE /* HumeAITTS.swift */,
				6C87AAD4A4E074223DA63FFD /* OpenAITTS.swift */,
				F789A64039B9037DDABF0336 /* OpenAITTSModels.swift */,
				A7D0C702B5B9F693CD6AF7B6 /* SystemTTS.swift */,
				55348EDA515FC01CFF75D7FB /* TTSEngine.swift */,
			);
			path = TTS;
			sourceTree = "<group>";
		};
		76F7A5B57C581AA0380FA668 /* App */ = {
			isa = PBXGroup;
			children = (
				CDF8CB938A1017946E844D9F /* Info.plist */,
			);
			path = App;
			sourceTree = "<group>";
		};
		77E447C3F445198F9DD134D9 /* CarChat */ = {
			isa = PBXGroup;
			children = (
				C2F97B4B16626F6F82B18B72 /* App */,
				8CD635BCD28C5D0AF5ADC71E /* CarPlay */,
				B3BCE575237B95E85112AE8E /* Data */,
				CB4CDF540DB47B248E13BEF2 /* DesignSystem */,
				6F5C33EC184BDB89A1FAC485 /* Models */,
				8F779D50271BCBC4337930C0 /* Resources */,
				E8CE706420E4C33B54497658 /* Services */,
				161A53A6167AA35AD5AAF0BA /* ViewModels */,
				8958077369A62245FCBC8427 /* Views */,
			);
			path = CarChat;
			sourceTree = "<group>";
		};
		82768D91AB24D1FF6453FF09 /* Settings */ = {
			isa = PBXGroup;
			children = (
				F948F6D59C547BDC323B5289 /* APIKeySettingsView.swift */,
				B163FA8E707BE9A82441F47E /* PersonaSettingsView.swift */,
				EF592615FC8A6CBCBC261184 /* SettingsView.swift */,
				9B5405E229A26696711BD3E4 /* VoiceSettingsView.swift */,
				8433448CBF15CD61563EB06B /* VoiceEngine */,
			);
			path = Settings;
			sourceTree = "<group>";
		};
		8433448CBF15CD61563EB06B /* VoiceEngine */ = {
			isa = PBXGroup;
			children = (
				C630605F829CEEA8D17B63F1 /* AmazonPollyVoiceSettingsSection.swift */,
				D6449AA4DBC4B5F7D5648C76 /* CartesiaVoiceSettingsSection.swift */,
				1AD1F7A2BB1F22185C3C4059 /* DeepgramVoiceSettingsSection.swift */,
				247976B32DB10D3C27B28D16 /* ElevenLabsVoiceSettingsSection.swift */,
				07D5882F2A7444D3D12D9933 /* GoogleCloudVoiceSettingsSection.swift */,
				03F3AC1AC36BDBAC5779D28A /* HumeAIVoiceSettingsSection.swift */,
				BCCF8AECD543CA1FACFE5A85 /* OpenAIVoiceSettingsSection.swift */,
				9A46A21AAE535B78730DFAFC /* SystemVoiceSettingsSection.swift */,
				4C414FF4C41950A76F7109C7 /* VoiceSettingsShared.swift */,
			);
			path = VoiceEngine;
			sourceTree = "<group>";
		};
		8958077369A62245FCBC8427 /* Views */ = {
			isa = PBXGroup;
			children = (
				AA66EA394397A6C4E907F8C8 /* Onboarding */,
				5564E033F680AAE16DD8BA08 /* Phone */,
				82768D91AB24D1FF6453FF09 /* Settings */,
			);
			path = Views;
			sourceTree = "<group>";
		};
		8CD635BCD28C5D0AF5ADC71E /* CarPlay */ = {
			isa = PBXGroup;
			children = (
				ADE59325CFED058ACAA132E6 /* CarPlaySceneDelegate.swift */,
				ED20D4D71733DF698992B623 /* CarPlayTemplateManager.swift */,
				55C0FE40158A28B4471CB831 /* CarPlayVoiceController.swift */,
			);
			path = CarPlay;
			sourceTree = "<group>";
		};
		8CFA7B026A89F37B5E98C8DE /* Storage */ = {
			isa = PBXGroup;
			children = (
				DF41257D3A9CA0E7A2E15B58 /* ConversationStore.swift */,
				2CAB4A0A31D7A3729F9B5958 /* KeychainManager.swift */,
			);
			path = Storage;
			sourceTree = "<group>";
		};
		8F779D50271BCBC4337930C0 /* Resources */ = {
			isa = PBXGroup;
			children = (
				629B9145F7A1A5B3A146F271 /* Assets.xcassets */,
				ECC9F54521C6CD00B2181CC5 /* CarChat.entitlements */,
				A0EA940A5CC9B5C897E21637 /* Info.plist */,
				A39DA3927CD46D9B53A77C4F /* Personas */,
			);
			path = Resources;
			sourceTree = "<group>";
		};
		9AFBFB12A37BAD9E586EC492 /* Watch */ = {
			isa = PBXGroup;
			children = (
				DECD46645733FE1C52741C16 /* WatchAsyncBridge.swift */,
				470F719AAEE7A311D72EA193 /* WatchConnectivityManager.swift */,
			);
			path = Watch;
			sourceTree = "<group>";
		};
		A39DA3927CD46D9B53A77C4F /* Personas */ = {
			isa = PBXGroup;
			children = (
				538AAEDF32D37855D7B0FCAA /* SigmonPersona.json */,
			);
			path = Personas;
			sourceTree = "<group>";
		};
		AA66EA394397A6C4E907F8C8 /* Onboarding */ = {
			isa = PBXGroup;
			children = (
				DEFC145D24C39B51F22A2A85 /* APIKeyStepView.swift */,
				5DE3159EECD5E804E5482CD3 /* OnboardingContainerView.swift */,
				8642F60C5D25290FF1D42983 /* PermissionsStepView.swift */,
				F4CE1BF7A0362BEAD5598E08 /* WelcomeStepView.swift */,
			);
			path = Onboarding;
			sourceTree = "<group>";
		};
		B3BCE575237B95E85112AE8E /* Data */ = {
			isa = PBXGroup;
			children = (
				24AC1AB8311DB2CF51863CC7 /* TopicCatalog.swift */,
			);
			path = Data;
			sourceTree = "<group>";
		};
		C2F97B4B16626F6F82B18B72 /* App */ = {
			isa = PBXGroup;
			children = (
				EFF7C76077939E8A161B9434 /* AppServices.swift */,
				A4A34D773EEF32852B379512 /* CarChatApp.swift */,
			);
			path = App;
			sourceTree = "<group>";
		};
		CB4CDF540DB47B248E13BEF2 /* DesignSystem */ = {
			isa = PBXGroup;
			children = (
				A84BFBD62F91ECB0F6F0FEA1 /* AmbientBackground.swift */,
				68DEC9B95C78305ECC218499 /* BrandLogos.swift */,
				2289699FF4A82FB1444D3D05 /* ButtonStyles.swift */,
				295BC3BFF8A75A33EC462775 /* CustomIcons.swift */,
				541C52FD8103A54605DE5929 /* DesignTokens.swift */,
				C8D54E5116FF8F289FFCD6F5 /* GlassCard.swift */,
				3FA8750566AB0A805FB6BBBA /* HapticEngine.swift */,
				863E9A3321C881C405C56510 /* Microcopy.swift */,
				4FC7E10582A7492EAD319AD3 /* PromptSuggestions.swift */,
			);
			path = DesignSystem;
			sourceTree = "<group>";
		};
		E8CE706420E4C33B54497658 /* Services */ = {
			isa = PBXGroup;
			children = (
				EFCC3D05FB1D5C9FA76A8452 /* Providers */,
				8CFA7B026A89F37B5E98C8DE /* Storage */,
				12FCFDBE5B1C1A40DCBE4CF3 /* Voice */,
				9AFBFB12A37BAD9E586EC492 /* Watch */,
			);
			path = Services;
			sourceTree = "<group>";
		};
		EFCC3D05FB1D5C9FA76A8452 /* Providers */ = {
			isa = PBXGroup;
			children = (
				CA6734E12FCDF31403C2952E /* AIProvider.swift */,
				C333B1733CB85E84B8481A7C /* AIProviderFactory.swift */,
				BEF89FD6E5CB32AB01CA5D16 /* AnthropicProvider.swift */,
				5CC4D8688A3BB634BB06C997 /* GeminiProvider.swift */,
				83725F15F057A9F770150664 /* GrokProvider.swift */,
				A4E84090874CC4E3EA33ED46 /* OllamaProvider.swift */,
				CC92EB21FAF891C8CB7C2784 /* OpenAIProvider.swift */,
				66AE496077C05087B0AE3C14 /* OpenClawProvider.swift */,
			);
			path = Providers;
			sourceTree = "<group>";
		};
		FE9207A1C2252E77C7ABB311 /* Products */ = {
			isa = PBXGroup;
			children = (
				F3F2B2A9787F34FDD96BE13D /* CarChat.app */,
				0095C394107EE4A7A9DE3A2B /* CarChatTests.xctest */,
				BAAE04EBBBDC71AC320224B8 /* CarChatWatch.app */,
				1F14367C43507AAEC48801DA /* CarChatWatchExtension.appex */,
			);
			name = Products;
			sourceTree = "<group>";
		};
		FF9EFC2FE827DAC5E5077F29 /* CarChatWatch */ = {
			isa = PBXGroup;
			children = (
				76F7A5B57C581AA0380FA668 /* App */,
				4DDEE10237911C2E911F24C3 /* Extension */,
			);
			path = CarChatWatch;
			sourceTree = "<group>";
		};
/* End PBXGroup section */

/* Begin PBXNativeTarget section */
		2A77157134116CAAEA3C28D4 /* CarChat */ = {
			isa = PBXNativeTarget;
			buildConfigurationList = 0F2DFEDC25CEEB6A69B4643E /* Build configuration list for PBXNativeTarget "CarChat" */;
			buildPhases = (
				D92DF720BFFED3C49A11BA26 /* Sources */,
				7055D76FCC2A906E1CE10DA3 /* Resources */,
				3193215A8A7FADFF4EA111B9 /* Frameworks */,
				6B8364FEA5700962E85AE437 /* Embed Watch Content */,
			);
			buildRules = (
			);
			dependencies = (
				3D726CF6CB09BCEBE6417960 /* PBXTargetDependency */,
			);
			name = CarChat;
			packageProductDependencies = (
				F5E986B53B20293112078B44 /* SwiftOpenAI */,
				193E48F5B481FE64BB29CD7E /* SwiftAnthropic */,
				F0A09435A687BE3E66ADE930 /* KeychainAccess */,
			);
			productName = CarChat;
			productReference = F3F2B2A9787F34FDD96BE13D /* CarChat.app */;
			productType = "com.apple.product-type.application";
		};
		480B81565343C82ED1ED51F7 /* CarChatWatchExtension */ = {
			isa = PBXNativeTarget;
			buildConfigurationList = 9160FEFFEB662D22EDD80685 /* Build configuration list for PBXNativeTarget "CarChatWatchExtension" */;
			buildPhases = (
				A2BF5868E2EC2FE102E770BA /* Sources */,
			);
			buildRules = (
			);
			dependencies = (
			);
			name = CarChatWatchExtension;
			packageProductDependencies = (
			);
			productName = CarChatWatchExtension;
			productReference = 1F14367C43507AAEC48801DA /* CarChatWatchExtension.appex */;
			productType = "com.apple.product-type.watchkit2-extension";
		};
		E8684EB85249223A594AF3E4 /* CarChatWatch */ = {
			isa = PBXNativeTarget;
			buildConfigurationList = 271B2CDC6C128BE295C5FB32 /* Build configuration list for PBXNativeTarget "CarChatWatch" */;
			buildPhases = (
				86A2B9469D5BB4B6891A6EE7 /* Embed Foundation Extensions */,
			);
			buildRules = (
			);
			dependencies = (
				A9EAD20A6D283A5BBD2D8D9D /* PBXTargetDependency */,
			);
			name = CarChatWatch;
			packageProductDependencies = (
			);
			productName = CarChatWatch;
			productReference = BAAE04EBBBDC71AC320224B8 /* CarChatWatch.app */;
			productType = "com.apple.product-type.application.watchapp2";
		};
		FE2302EA6CACE31D4D6A22EE /* CarChatTests */ = {
			isa = PBXNativeTarget;
			buildConfigurationList = F7FE99A0E4AA038F1FAE25F5 /* Build configuration list for PBXNativeTarget "CarChatTests" */;
			buildPhases = (
				FF0587F570F9C64454C301CE /* Sources */,
			);
			buildRules = (
			);
			dependencies = (
				4401FD5172A38BAF2D35601F /* PBXTargetDependency */,
			);
			name = CarChatTests;
			packageProductDependencies = (
			);
			productName = CarChatTests;
			productReference = 0095C394107EE4A7A9DE3A2B /* CarChatTests.xctest */;
			productType = "com.apple.product-type.bundle.unit-test";
		};
/* End PBXNativeTarget section */

/* Begin PBXProject section */
		C4525754550604C3CBEFE38D /* Project object */ = {
			isa = PBXProject;
			attributes = {
				BuildIndependentTargetsInParallel = YES;
				LastUpgradeCheck = 1600;
				TargetAttributes = {
					2A77157134116CAAEA3C28D4 = {
						DevelopmentTeam = 49HAGQE8FB;
						ProvisioningStyle = Automatic;
					};
					480B81565343C82ED1ED51F7 = {
						DevelopmentTeam = 49HAGQE8FB;
						ProvisioningStyle = Automatic;
					};
					E8684EB85249223A594AF3E4 = {
						DevelopmentTeam = 49HAGQE8FB;
						ProvisioningStyle = Automatic;
					};
				};
			};
			buildConfigurationList = ECDDD4DBAF6C0F789E73A6AD /* Build configuration list for PBXProject "CarChat" */;
			compatibilityVersion = "Xcode 14.0";
			developmentRegion = en;
			hasScannedForEncodings = 0;
			knownRegions = (
				Base,
				en,
			);
			mainGroup = 6C69DB63868C685226E818EB;
			minimizedProjectReferenceProxies = 1;
			packageReferences = (
				7F06AF01A020D10F0CC5CF1E /* XCRemoteSwiftPackageReference "KeychainAccess" */,
				611F938FF6D91628ED113A8C /* XCRemoteSwiftPackageReference "SwiftAnthropic" */,
				3E46C7C471472DD93F0228C2 /* XCRemoteSwiftPackageReference "SwiftOpenAI" */,
			);
			preferredProjectObjectVersion = 54;
			projectDirPath = "";
			projectRoot = "";
			targets = (
				2A77157134116CAAEA3C28D4 /* CarChat */,
				FE2302EA6CACE31D4D6A22EE /* CarChatTests */,
				E8684EB85249223A594AF3E4 /* CarChatWatch */,
				480B81565343C82ED1ED51F7 /* CarChatWatchExtension */,
			);
		};
/* End PBXProject section */

/* Begin PBXResourcesBuildPhase section */
		7055D76FCC2A906E1CE10DA3 /* Resources */ = {
			isa = PBXResourcesBuildPhase;
			buildActionMask = 2147483647;
			files = (
				97875B46529FFE66A9BA05A9 /* Assets.xcassets in Resources */,
				46356E260C3D205D986296A7 /* SigmonPersona.json in Resources */,
			);
			runOnlyForDeploymentPostprocessing = 0;
		};
/* End PBXResourcesBuildPhase section */

/* Begin PBXSourcesBuildPhase section */
		A2BF5868E2EC2FE102E770BA /* Sources */ = {
			isa = PBXSourcesBuildPhase;
			buildActionMask = 2147483647;
			files = (
				E3BD7A66558B5E9FBB07D4BF /* CarChatWatchApp.swift in Sources */,
				37322D926BDBD8ABEA9035DB /* ExtensionDelegate.swift in Sources */,
				54B00DA01B046CF602CDA347 /* WatchConversationView.swift in Sources */,
				DD8B1B195025A373333EE56D /* WatchConversationViewModel.swift in Sources */,
				2B7B11EFE7BAC16AAFD60FDC /* WatchDictation.swift in Sources */,
				27FB0B08B7B813C4A38011BE /* WatchPhoneBridge.swift in Sources */,
			);
			runOnlyForDeploymentPostprocessing = 0;
		};
		D92DF720BFFED3C49A11BA26 /* Sources */ = {
			isa = PBXSourcesBuildPhase;
			buildActionMask = 2147483647;
			files = (
				DA877FE434E8B1A034DE14C1 /* AIProvider.swift in Sources */,
				281AF5E40B088B3C3E3B41F4 /* AIProviderFactory.swift in Sources */,
				F8C9EC27C0DA2466F68BE93D /* APIKeySettingsView.swift in Sources */,
				41EFD06F8A35310A7ED82221 /* APIKeyStepView.swift in Sources */,
				833BC67615B5EFA9A19925C4 /* AmazonPollyModels.swift in Sources */,
				C013CA57D791FBBFBA73A200 /* AmazonPollyTTS.swift in Sources */,
				A8EAC6A64DA0A3BA99D22959 /* AmazonPollyVoiceSettingsSection.swift in Sources */,
				15C76AE7C57355BC6F223D78 /* AmbientBackground.swift in Sources */,
				89CE46A08E2B8B4E6465823A /* AnthropicProvider.swift in Sources */,
				41DE4334D2007AE2B7D7E27F /* AppServices.swift in Sources */,
				42AF9B6947835B1043CD0B52 /* AudioOutputMode.swift in Sources */,
				DC04CBBA156D2A1541B9A4AE /* AudioSessionManager.swift in Sources */,
				ABD0AF9937028D7910B4F098 /* BrandLogos.swift in Sources */,
				02A32F5AF76B4AAAE1DE671C /* ButtonStyles.swift in Sources */,
				92B381FE3345FC8DA3C0FF57 /* CarChatApp.swift in Sources */,
				03DC0D7EAE188FCFB75FD879 /* CarPlaySceneDelegate.swift in Sources */,
				35E3940DD79B82349A0B5612 /* CarPlayTemplateManager.swift in Sources */,
				934A84BEA57972AD422B7806 /* CarPlayVoiceController.swift in Sources */,
				746178200553D2A18E9494CE /* CartesiaModels.swift in Sources */,
				5EB1AE3E3ADA4A3DCCB71A30 /* CartesiaTTS.swift in Sources */,
				7251241D353FE104F330D298 /* CartesiaVoiceSettingsSection.swift in Sources */,
				693C353A8A2E700E9B8F5C54 /* ContentView.swift in Sources */,
				AD85B7BC0DE5B92977CB452E /* Conversation.swift in Sources */,
				9B89B6DEB4DB025472B829C7 /* ConversationListView.swift in Sources */,
				2E94FE207A2587A9001E29D7 /* ConversationStore.swift in Sources */,
				48D0FFF5A2F5200A54F76316 /* ConversationView.swift in Sources */,
				4BC89398225F077A0B0ECC76 /* ConversationViewModel.swift in Sources */,
				5A68F414D87A1B92BF13919F /* CustomIcons.swift in Sources */,
				86F64F791D7F86A7B4F0C60C /* DeepgramModels.swift in Sources */,
				F849C3AEA935E47B87CA30BD /* DeepgramTTS.swift in Sources */,
				EED700E79C44EC4B3241A224 /* DeepgramVoiceSettingsSection.swift in Sources */,
				B154B07DB931B7AC7875E41B /* DesignTokens.swift in Sources */,
				CFAC008AD29903DCC3B7AAB6 /* ElevenLabsTTS.swift in Sources */,
				7150BA462E688B82DE7608D4 /* ElevenLabsVoiceManager.swift in Sources */,
				5AD7E0992629B54F87DD2DBA /* ElevenLabsVoiceSettingsSection.swift in Sources */,
				144EF9292F56C2D0F8C1F38C /* GeminiProvider.swift in Sources */,
				FBBFAF0733ACC4D63645A699 /* GlassCard.swift in Sources */,
				D4BE8FC3AE90585B41B22E9E /* GoogleCloudTTS.swift in Sources */,
				479DC19CAF7016F14246389E /* GoogleCloudTTSModels.swift in Sources */,
				8509E8E43D7543B70386BABB /* GoogleCloudVoiceSettingsSection.swift in Sources */,
				0C9F1086ABF215A994A2BE28 /* GrokProvider.swift in Sources */,
				9B2922479317A91601DED7EA /* HapticEngine.swift in Sources */,
				CADD8BC08DB779BCFC0B543A /* HumeAIModels.swift in Sources */,
				B71454FEF09FEB99213F93A2 /* HumeAITTS.swift in Sources */,
				F8BF919B386F25CB57B81CA1 /* HumeAIVoiceSettingsSection.swift in Sources */,
				920778165BB0FDFE5AABD5BC /* KeychainManager.swift in Sources */,
				1B1FFD0D092DDCBAC8C25985 /* MainTabView.swift in Sources */,
				E20450E9E542539B9A007C50 /* Message.swift in Sources */,
				F2A01266909579CC559B5147 /* MicButton.swift in Sources */,
				C5B050193FDFFE5DD513ED3D /* Microcopy.swift in Sources */,
				F43D7022937A784386091DBB /* OllamaProvider.swift in Sources */,
				C1D636BDF108DF90035BAAA2 /* OnboardingContainerView.swift in Sources */,
				7E0FD551B876A1090591C723 /* OnboardingViewModel.swift in Sources */,
				743BFCC2D80D71E692D8C383 /* OpenAIProvider.swift in Sources */,
				874F1A32131A2274F2841471 /* OpenAITTS.swift in Sources */,
				B89B0DFFE8660C2D2FB97955 /* OpenAITTSModels.swift in Sources */,
				F7FF084DEDE2AE1C3257E8D1 /* OpenAIVoiceSettingsSection.swift in Sources */,
				585F480D05FD2A37209A5660 /* OpenClawProvider.swift in Sources */,
				66C7CAEF8C941577DBD03546 /* PermissionsStepView.swift in Sources */,
				E94954AB97C81B95C17C6E1E /* Persona.swift in Sources */,
				82EE3472E8D3B8E29211E130 /* PersonaSettingsView.swift in Sources */,
				98358AEDF821C693EEF0F9F2 /* PipelineVoiceSession.swift in Sources */,
				D6E0BD6A5521D886798B2F35 /* PromptSuggestions.swift in Sources */,
				4DA9DC04E190065089F89B4D /* Provider.swift in Sources */,
				751D26EF0D7B12F82E3AA017 /* RealtimeVoiceSession.swift in Sources */,
				0E5F314B5B25A62AD094626C /* SFSpeechSTT.swift in Sources */,
				C7D3AF31D923A33C5AC6A4CF /* STTEngine.swift in Sources */,
				9EDC5EA500924644F1154C97 /* SettingsView.swift in Sources */,
				C3243E104E4BDD5354D68BF2 /* SettingsViewModel.swift in Sources */,
				D01AE3A328C0993832727C30 /* SpeechEndpointingConfig.swift in Sources */,
				E42F16A8B4279120A273D236 /* SuggestionChipsView.swift in Sources */,
				736C1061F9A97FBB55DD14E7 /* SystemTTS.swift in Sources */,
				C22D1DF5B56B1947E2B8C24D /* SystemVoiceSettingsSection.swift in Sources */,
				8B28B011385C228C826A26AE /* TTSEngine.swift in Sources */,
				1CED1DF28B6D1E9C9632C2D8 /* TopicCatalog.swift in Sources */,
				4BBF02D88CC65968C63A2D9F /* TopicCategory.swift in Sources */,
				CF2A8FD8F7B4DCC73B8C0107 /* TopicCategoryCard.swift in Sources */,
				384B6FED442064421015FAE5 /* TopicCategoryDetailView.swift in Sources */,
				2400048E2F0AE78E1D1B5270 /* TopicsView.swift in Sources */,
				DE649EBD457CC3F204C8573E /* VoiceConfig.swift in Sources */,
				044A65A6F8F4F64541070A81 /* VoiceEndpointDetector.swift in Sources */,
				764AA2728477CD8608E2A250 /* VoiceSession.swift in Sources */,
				E6AD3357FDC702F32496B951 /* VoiceSettingsShared.swift in Sources */,
				17A30B9F55D45A0A66F3ECCD /* VoiceSettingsView.swift in Sources */,
				A24C7F27AE85A85B39D0D6EF /* VoiceWaveformView.swift in Sources */,
				C02E84320807429AF6247CF4 /* WatchAsyncBridge.swift in Sources */,
				050A4CA44FEA2BE11AE61930 /* WatchConnectivityManager.swift in Sources */,
				B8125DC5A69AAD7A854202F0 /* WelcomeStepView.swift in Sources */,
			);
			runOnlyForDeploymentPostprocessing = 0;
		};
		FF0587F570F9C64454C301CE /* Sources */ = {
			isa = PBXSourcesBuildPhase;
			buildActionMask = 2147483647;
			files = (
				EEF8A8009FA801A4C15644A7 /* CarChatTests.swift in Sources */,
				BFD058A896C1C604974D48FF /* PromptSuggestionsTests.swift in Sources */,
				B184ED1710CDF96E29EB745D /* VoiceEndpointDetectorTests.swift in Sources */,
			);
			runOnlyForDeploymentPostprocessing = 0;
		};
/* End PBXSourcesBuildPhase section */

/* Begin PBXTargetDependency section */
		3D726CF6CB09BCEBE6417960 /* PBXTargetDependency */ = {
			isa = PBXTargetDependency;
			target = E8684EB85249223A594AF3E4 /* CarChatWatch */;
			targetProxy = FA221DB7CB5510B83C82F8BF /* PBXContainerItemProxy */;
		};
		4401FD5172A38BAF2D35601F /* PBXTargetDependency */ = {
			isa = PBXTargetDependency;
			target = 2A77157134116CAAEA3C28D4 /* CarChat */;
			targetProxy = A0B771BEA8637C04870D2ABE /* PBXContainerItemProxy */;
		};
		A9EAD20A6D283A5BBD2D8D9D /* PBXTargetDependency */ = {
			isa = PBXTargetDependency;
			target = 480B81565343C82ED1ED51F7 /* CarChatWatchExtension */;
			targetProxy = 4594B88F7EAD1C443BAD07E7 /* PBXContainerItemProxy */;
		};
/* End PBXTargetDependency section */

/* Begin XCBuildConfiguration section */
		27929B3FA8EB879A58F59A7F /* Release */ = {
			isa = XCBuildConfiguration;
			buildSettings = {
				ASSETCATALOG_COMPILER_APPICON_NAME = AppIcon;
				CODE_SIGN_ENTITLEMENTS = CarChat/Resources/CarChat.entitlements;
				CODE_SIGN_STYLE = Automatic;
				CURRENT_PROJECT_VERSION = 1;
				DEVELOPMENT_TEAM = 49HAGQE8FB;
				"EXCLUDED_ARCHS[sdk=iphonesimulator*]" = x86_64;
				INFOPLIST_FILE = CarChat/Resources/Info.plist;
				IPHONEOS_DEPLOYMENT_TARGET = 17.0;
				MARKETING_VERSION = 1.0.0;
				PRODUCT_BUNDLE_IDENTIFIER = com.willsigmon.carchat;
				PRODUCT_NAME = CarChat;
				SDKROOT = iphoneos;
				SUPPORTED_PLATFORMS = "iphoneos iphonesimulator";
				SWIFT_STRICT_CONCURRENCY = complete;
				TARGETED_DEVICE_FAMILY = 1;
			};
			name = Release;
		};
		2EB50FD8AF7F35EEE4C84C72 /* Debug */ = {
			isa = XCBuildConfiguration;
			buildSettings = {
				ASSETCATALOG_COMPILER_APPICON_NAME = AppIcon;
				CODE_SIGN_ENTITLEMENTS = CarChat/Resources/CarChat.entitlements;
				CODE_SIGN_STYLE = Automatic;
				CURRENT_PROJECT_VERSION = 1;
				DEVELOPMENT_TEAM = 49HAGQE8FB;
				ENABLE_TESTABILITY = YES;
				"EXCLUDED_ARCHS[sdk=iphonesimulator*]" = x86_64;
				INFOPLIST_FILE = CarChat/Resources/Info.plist;
				IPHONEOS_DEPLOYMENT_TARGET = 17.0;
				MARKETING_VERSION = 1.0.0;
				PRODUCT_BUNDLE_IDENTIFIER = com.willsigmon.carchat;
				PRODUCT_NAME = CarChat;
				SDKROOT = iphoneos;
				SUPPORTED_PLATFORMS = "iphoneos iphonesimulator";
				SWIFT_OPTIMIZATION_LEVEL = "-Onone";
				SWIFT_STRICT_CONCURRENCY = complete;
				TARGETED_DEVICE_FAMILY = 1;
			};
			name = Debug;
		};
		436F189198D23D2F7484412D /* Release */ = {
			isa = XCBuildConfiguration;
			buildSettings = {
				CODE_SIGN_STYLE = Automatic;
				CURRENT_PROJECT_VERSION = 1;
				DEVELOPMENT_TEAM = 49HAGQE8FB;
				GENERATE_INFOPLIST_FILE = NO;
				INFOPLIST_FILE = CarChatWatch/Extension/Info.plist;
				MARKETING_VERSION = 1.0.0;
				PRODUCT_BUNDLE_IDENTIFIER = com.willsigmon.carchat.watchkitapp.watchkitextension;
				PRODUCT_NAME = "CarChat Watch Extension";
				SDKROOT = watchos;
				SUPPORTED_PLATFORMS = "watchos watchsimulator";
				TARGETED_DEVICE_FAMILY = 4;
				WATCHOS_DEPLOYMENT_TARGET = 10.0;
			};
			name = Release;
		};
		4D54370A025FCD39BD1E48F7 /* Release */ = {
			isa = XCBuildConfiguration;
			buildSettings = {
				CODE_SIGN_STYLE = Automatic;
				CURRENT_PROJECT_VERSION = 1;
				DEVELOPMENT_TEAM = 49HAGQE8FB;
				GENERATE_INFOPLIST_FILE = NO;
				INFOPLIST_FILE = CarChatWatch/App/Info.plist;
				MARKETING_VERSION = 1.0.0;
				PRODUCT_BUNDLE_IDENTIFIER = com.willsigmon.carchat.watchkitapp;
				PRODUCT_NAME = "CarChat Watch";
				SDKROOT = watchos;
				SUPPORTED_PLATFORMS = "watchos watchsimulator";
				TARGETED_DEVICE_FAMILY = 4;
				WATCHOS_DEPLOYMENT_TARGET = 10.0;
			};
			name = Release;
		};
		5F60EE07955E9BD4958D278E /* Debug */ = {
			isa = XCBuildConfiguration;
			buildSettings = {
				BUNDLE_LOADER = "$(TEST_HOST)";
				"EXCLUDED_ARCHS[sdk=iphonesimulator*]" = x86_64;
				GENERATE_INFOPLIST_FILE = YES;
				IPHONEOS_DEPLOYMENT_TARGET = 17.0;
				LD_RUNPATH_SEARCH_PATHS = (
					"$(inherited)",
					"@loader_path/Frameworks",
					"@executable_path/Frameworks",
				);
				PRODUCT_BUNDLE_IDENTIFIER = com.willsigmon.carchat.tests;
				PRODUCT_NAME = CarChatTests;
				SDKROOT = iphoneos;
				SUPPORTED_PLATFORMS = "iphoneos iphonesimulator";
				SWIFT_VERSION = 6.0;
				TARGETED_DEVICE_FAMILY = "";
				TEST_HOST = "$(BUILT_PRODUCTS_DIR)/CarChat.app/CarChat";
			};
			name = Debug;
		};
		6168D4E62F70CE260B4FC48B /* Release */ = {
			isa = XCBuildConfiguration;
			buildSettings = {
				ALWAYS_SEARCH_USER_PATHS = NO;
				IPHONEOS_DEPLOYMENT_TARGET = 17.0;
				SWIFT_VERSION = 6.0;
				WATCHOS_DEPLOYMENT_TARGET = 10.0;
			};
			name = Release;
		};
		98D18214387BC459D4A569D9 /* Release */ = {
			isa = XCBuildConfiguration;
			buildSettings = {
				BUNDLE_LOADER = "$(TEST_HOST)";
				"EXCLUDED_ARCHS[sdk=iphonesimulator*]" = x86_64;
				GENERATE_INFOPLIST_FILE = YES;
				IPHONEOS_DEPLOYMENT_TARGET = 17.0;
				LD_RUNPATH_SEARCH_PATHS = (
					"$(inherited)",
					"@loader_path/Frameworks",
					"@executable_path/Frameworks",
				);
				PRODUCT_BUNDLE_IDENTIFIER = com.willsigmon.carchat.tests;
				PRODUCT_NAME = CarChatTests;
				SDKROOT = iphoneos;
				SUPPORTED_PLATFORMS = "iphoneos iphonesimulator";
				SWIFT_VERSION = 6.0;
				TARGETED_DEVICE_FAMILY = "";
				TEST_HOST = "$(BUILT_PRODUCTS_DIR)/CarChat.app/CarChat";
			};
			name = Release;
		};
		AA3F06A1E71E6603728E4E2C /* Debug */ = {
			isa = XCBuildConfiguration;
			buildSettings = {
				ALWAYS_SEARCH_USER_PATHS = NO;
				IPHONEOS_DEPLOYMENT_TARGET = 17.0;
				SWIFT_VERSION = 6.0;
				WATCHOS_DEPLOYMENT_TARGET = 10.0;
			};
			name = Debug;
		};
		DD0F59D93A7758A664A99933 /* Debug */ = {
			isa = XCBuildConfiguration;
			buildSettings = {
				CODE_SIGN_STYLE = Automatic;
				CURRENT_PROJECT_VERSION = 1;
				DEVELOPMENT_TEAM = 49HAGQE8FB;
				GENERATE_INFOPLIST_FILE = NO;
				INFOPLIST_FILE = CarChatWatch/App/Info.plist;
				MARKETING_VERSION = 1.0.0;
				PRODUCT_BUNDLE_IDENTIFIER = com.willsigmon.carchat.watchkitapp;
				PRODUCT_NAME = "CarChat Watch";
				SDKROOT = watchos;
				SUPPORTED_PLATFORMS = "watchos watchsimulator";
				TARGETED_DEVICE_FAMILY = 4;
				WATCHOS_DEPLOYMENT_TARGET = 10.0;
			};
			name = Debug;
		};
		EB9A2A304186955A8A792FF7 /* Debug */ = {
			isa = XCBuildConfiguration;
			buildSettings = {
				CODE_SIGN_STYLE = Automatic;
				CURRENT_PROJECT_VERSION = 1;
				DEVELOPMENT_TEAM = 49HAGQE8FB;
				GENERATE_INFOPLIST_FILE = NO;
				INFOPLIST_FILE = CarChatWatch/Extension/Info.plist;
				MARKETING_VERSION = 1.0.0;
				PRODUCT_BUNDLE_IDENTIFIER = com.willsigmon.carchat.watchkitapp.watchkitextension;
				PRODUCT_NAME = "CarChat Watch Extension";
				SDKROOT = watchos;
				SUPPORTED_PLATFORMS = "watchos watchsimulator";
				TARGETED_DEVICE_FAMILY = 4;
				WATCHOS_DEPLOYMENT_TARGET = 10.0;
			};
			name = Debug;
		};
/* End XCBuildConfiguration section */

/* Begin XCConfigurationList section */
		0F2DFEDC25CEEB6A69B4643E /* Build configuration list for PBXNativeTarget "CarChat" */ = {
			isa = XCConfigurationList;
			buildConfigurations = (
				2EB50FD8AF7F35EEE4C84C72 /* Debug */,
				27929B3FA8EB879A58F59A7F /* Release */,
			);
			defaultConfigurationIsVisible = 0;
			defaultConfigurationName = Debug;
		};
		271B2CDC6C128BE295C5FB32 /* Build configuration list for PBXNativeTarget "CarChatWatch" */ = {
			isa = XCConfigurationList;
			buildConfigurations = (
				DD0F59D93A7758A664A99933 /* Debug */,
				4D54370A025FCD39BD1E48F7 /* Release */,
			);
			defaultConfigurationIsVisible = 0;
			defaultConfigurationName = Debug;
		};
		9160FEFFEB662D22EDD80685 /* Build configuration list for PBXNativeTarget "CarChatWatchExtension" */ = {
			isa = XCConfigurationList;
			buildConfigurations = (
				EB9A2A304186955A8A792FF7 /* Debug */,
				436F189198D23D2F7484412D /* Release */,
			);
			defaultConfigurationIsVisible = 0;
			defaultConfigurationName = Debug;
		};
		ECDDD4DBAF6C0F789E73A6AD /* Build configuration list for PBXProject "CarChat" */ = {
			isa = XCConfigurationList;
			buildConfigurations = (
				AA3F06A1E71E6603728E4E2C /* Debug */,
				6168D4E62F70CE260B4FC48B /* Release */,
			);
			defaultConfigurationIsVisible = 0;
			defaultConfigurationName = Debug;
		};
		F7FE99A0E4AA038F1FAE25F5 /* Build configuration list for PBXNativeTarget "CarChatTests" */ = {
			isa = XCConfigurationList;
			buildConfigurations = (
				5F60EE07955E9BD4958D278E /* Debug */,
				98D18214387BC459D4A569D9 /* Release */,
			);
			defaultConfigurationIsVisible = 0;
			defaultConfigurationName = Debug;
		};
/* End XCConfigurationList section */

/* Begin XCRemoteSwiftPackageReference section */
		3E46C7C471472DD93F0228C2 /* XCRemoteSwiftPackageReference "SwiftOpenAI" */ = {
			isa = XCRemoteSwiftPackageReference;
			repositoryURL = "https://github.com/jamesrochabrun/SwiftOpenAI";
			requirement = {
				kind = upToNextMajorVersion;
				minimumVersion = 4.0.0;
			};
		};
		611F938FF6D91628ED113A8C /* XCRemoteSwiftPackageReference "SwiftAnthropic" */ = {
			isa = XCRemoteSwiftPackageReference;
			repositoryURL = "https://github.com/jamesrochabrun/SwiftAnthropic";
			requirement = {
				kind = upToNextMajorVersion;
				minimumVersion = 2.0.0;
			};
		};
		7F06AF01A020D10F0CC5CF1E /* XCRemoteSwiftPackageReference "KeychainAccess" */ = {
			isa = XCRemoteSwiftPackageReference;
			repositoryURL = "https://github.com/kishikawakatsumi/KeychainAccess";
			requirement = {
				kind = upToNextMajorVersion;
				minimumVersion = 4.2.2;
			};
		};
/* End XCRemoteSwiftPackageReference section */

/* Begin XCSwiftPackageProductDependency section */
		193E48F5B481FE64BB29CD7E /* SwiftAnthropic */ = {
			isa = XCSwiftPackageProductDependency;
			package = 611F938FF6D91628ED113A8C /* XCRemoteSwiftPackageReference "SwiftAnthropic" */;
			productName = SwiftAnthropic;
		};
		F0A09435A687BE3E66ADE930 /* KeychainAccess */ = {
			isa = XCSwiftPackageProductDependency;
			package = 7F06AF01A020D10F0CC5CF1E /* XCRemoteSwiftPackageReference "KeychainAccess" */;
			productName = KeychainAccess;
		};
		F5E986B53B20293112078B44 /* SwiftOpenAI */ = {
			isa = XCSwiftPackageProductDependency;
			package = 3E46C7C471472DD93F0228C2 /* XCRemoteSwiftPackageReference "SwiftOpenAI" */;
			productName = SwiftOpenAI;
		};
/* End XCSwiftPackageProductDependency section */
	};
	rootObject = C4525754550604C3CBEFE38D /* Project object */;
}
